
Microsoft Visual Studio Solution File, Format Version 12.00
# Visual Studio Version 17
VisualStudioVersion = 17.5.002.0
MinimumVisualStudioVersion = 10.0.40219.1
Project("{9A19103F-16F7-4668-BE54-9A1E7A4F7556}") = "Dima.Api", "Dima.Api.csproj", "{56CF401F-6B2F-4269-9A13-043422578EDC}"
EndProject
Global
	GlobalSection(SolutionConfigurationPlatforms) = preSolution
		Debug|Any CPU = Debug|Any CPU
		Release|Any CPU = Release|Any CPU
	EndGlobalSection
	GlobalSection(ProjectConfigurationPlatforms) = postSolution
		{56CF401F-6B2F-4269-9A13-043422578EDC}.Debug|Any CPU.ActiveCfg = Debug|Any CPU
		{56CF401F-6B2F-4269-9A13-043422578EDC}.Debug|Any CPU.Build.0 = Debug|Any CPU
		{56CF401F-6B2F-4269-9A13-043422578EDC}.Release|Any CPU.ActiveCfg = Release|Any CPU
		{56CF401F-6B2F-4269-9A13-043422578EDC}.Release|Any CPU.Build.0 = Release|Any CPU
	EndGlobalSection
	GlobalSection(SolutionProperties) = preSolution
		HideSolutionNode = FALSE
	EndGlobalSection
	GlobalSection(ExtensibilityGlobals) = postSolution
		SolutionGuid = {DF89E85C-C667-4F28-B85B-4DD6FF8CE631}
	EndGlobalSection
EndGlobal
